
Microsoft Visual Studio Solution File, Format Version 12.00
# Visual Studio Version 16
VisualStudioVersion = 16.0.30320.27
MinimumVisualStudioVersion = 10.0.40219.1
Project("{FAE04EC0-301F-11D3-BF4B-00C04F79EFBC}") = "LoopRecorder.GUI", "LoopRecorder.GUI.csproj", "{5CB06993-AE7B-4C45-8930-86320FF11B67}"
EndProject
Global
	GlobalSection(SolutionConfigurationPlatforms) = preSolution
		AVX (Intel)|Any CPU = AVX (Intel)|Any CPU
		AVX (Intel)|x64 = AVX (Intel)|x64
		AVX|Any CPU = AVX|Any CPU
		AVX|x64 = AVX|x64
		Debug|Any CPU = Debug|Any CPU
		Debug|x64 = Debug|x64
		Release|Any CPU = Release|Any CPU
		Release|x64 = Release|x64
		SSE2_Intel|Any CPU = SSE2_Intel|Any CPU
		SSE2_Intel|x64 = SSE2_Intel|x64
	EndGlobalSection
	GlobalSection(ProjectConfigurationPlatforms) = postSolution
		{5CB06993-AE7B-4C45-8930-86320FF11B67}.AVX (Intel)|Any CPU.ActiveCfg = AVX (Intel)|Any CPU
		{5CB06993-AE7B-4C45-8930-86320FF11B67}.AVX (Intel)|Any CPU.Build.0 = AVX (Intel)|Any CPU
		{5CB06993-AE7B-4C45-8930-86320FF11B67}.AVX (Intel)|x64.ActiveCfg = AVX (Intel)|x64
		{5CB06993-AE7B-4C45-8930-86320FF11B67}.AVX (Intel)|x64.Build.0 = AVX (Intel)|x64
		{5CB06993-AE7B-4C45-8930-86320FF11B67}.AVX|Any CPU.ActiveCfg = AVX|Any CPU
		{5CB06993-AE7B-4C45-8930-86320FF11B67}.AVX|Any CPU.Build.0 = AVX|Any CPU
		{5CB06993-AE7B-4C45-8930-86320FF11B67}.AVX|x64.ActiveCfg = AVX|x64
		{5CB06993-AE7B-4C45-8930-86320FF11B67}.AVX|x64.Build.0 = AVX|x64
		{5CB06993-AE7B-4C45-8930-86320FF11B67}.Debug|Any CPU.ActiveCfg = Debug|Any CPU
		{5CB06993-AE7B-4C45-8930-86320FF11B67}.Debug|Any CPU.Build.0 = Debug|Any CPU
		{5CB06993-AE7B-4C45-8930-86320FF11B67}.Debug|x64.ActiveCfg = Debug|x64
		{5CB06993-AE7B-4C45-8930-86320FF11B67}.Debug|x64.Build.0 = Debug|x64
		{5CB06993-AE7B-4C45-8930-86320FF11B67}.Release|Any CPU.ActiveCfg = Release|Any CPU
		{5CB06993-AE7B-4C45-8930-86320FF11B67}.Release|Any CPU.Build.0 = Release|Any CPU
		{5CB06993-AE7B-4C45-8930-86320FF11B67}.Release|x64.ActiveCfg = Release|x64
		{5CB06993-AE7B-4C45-8930-86320FF11B67}.Release|x64.Build.0 = Release|x64
		{5CB06993-AE7B-4C45-8930-86320FF11B67}.SSE2_Intel|Any CPU.ActiveCfg = SSE2_Intel|Any CPU
		{5CB06993-AE7B-4C45-8930-86320FF11B67}.SSE2_Intel|Any CPU.Build.0 = SSE2_Intel|Any CPU
		{5CB06993-AE7B-4C45-8930-86320FF11B67}.SSE2_Intel|x64.ActiveCfg = SSE2_Intel|x64
		{5CB06993-AE7B-4C45-8930-86320FF11B67}.SSE2_Intel|x64.Build.0 = SSE2_Intel|x64
	EndGlobalSection
	GlobalSection(SolutionProperties) = preSolution
		HideSolutionNode = FALSE
	EndGlobalSection
	GlobalSection(ExtensibilityGlobals) = postSolution
		SolutionGuid = {E9CECC42-1945-4952-82F8-9AB7AAFC3273}
	EndGlobalSection
EndGlobal
